{
  "name": "champion-token",
  "version": "1.0.0",
  "lockfileVersion": 3,
  "requires": true,
  "packages": {
    "": {
      "name": "champion-token",
      "version": "1.0.0",
      "license": "MIT",
      "dependencies": {
        "@openzeppelin/contracts": "^4.9.6",
        "dotenv": "^17.4.2"
      }
    },
    "node_modules/@openzeppelin/contracts": {
      "version": "4.9.6",
      "resolved": "https://registry.npmjs.org/@openzeppelin/contracts/-/contracts-4.9.6.tgz",
      "integrity": "sha512-xSmezSupL+y9VkHZJGDoCBpmnB2ogM13ccaYDWqJTfS3dbuHkgjuwDFUmaFauBCboQMGB/S5UqUl2y54X99BmA==",
      "license": "MIT"
    },
    "node_modules/dotenv": {
      "version": "17.4.2",
      "resolved": "https://registry.npmjs.org/dotenv/-/dotenv-17.4.2.tgz",
      "integrity": "sha512-nI4U3TottKAcAD9LLud4Cb7b2QztQMUEfHbvhTH09bqXTxnSie8WnjPALV/WMCrJZ6UV/qHJ6L03OqO3LcdYZw==",
      "license": "BSD-2-Clause",
      "engines": {
        "node": ">=12"
      },
      "funding": {
        "url": "https://dotenvx.com"
      }
    }
  }
}
